// !$*UTF8*$!
{
	archiveVersion = 1;
	classes = {
	};
	objectVersion = 46;
	objects = {

/* Begin PBXBuildFile section */
		108366541F34DFE100058ECF /* AppDelegate.swift in Sources */ = {isa = PBXBuildFile; fileRef = 108366531F34DFE100058ECF /* AppDelegate.swift */; };
		108366591F34DFE100058ECF /* Main.storyboard in Resources */ = {isa = PBXBuildFile; fileRef = 108366571F34DFE100058ECF /* Main.storyboard */; };
		1083665C1F34DFE100058ECF /* DouYu.xcdatamodeld in Sources */ = {isa = PBXBuildFile; fileRef = 1083665A1F34DFE100058ECF /* DouYu.xcdatamodeld */; };
		1083665E1F34DFE100058ECF /* Assets.xcassets in Resources */ = {isa = PBXBuildFile; fileRef = 1083665D1F34DFE100058ECF /* Assets.xcassets */; };
		108366611F34DFE100058ECF /* LaunchScreen.storyboard in Resources */ = {isa = PBXBuildFile; fileRef = 1083665F1F34DFE100058ECF /* LaunchScreen.storyboard */; };
		1083666C1F34DFE100058ECF /* DouYuTests.swift in Sources */ = {isa = PBXBuildFile; fileRef = 1083666B1F34DFE100058ECF /* DouYuTests.swift */; };
		108366771F34DFE100058ECF /* DouYuUITests.swift in Sources */ = {isa = PBXBuildFile; fileRef = 108366761F34DFE100058ECF /* DouYuUITests.swift */; };
/* End PBXBuildFile section */

/* Begin PBXContainerItemProxy section */
		108366681F34DFE100058ECF /* PBXContainerItemProxy */ = {
			isa = PBXContainerItemProxy;
			containerPortal = 108366481F34DFE100058ECF /* Project object */;
			proxyType = 1;
			remoteGlobalIDString = 1083664F1F34DFE100058ECF;
			remoteInfo = DouYu;
		};
		108366731F34DFE100058ECF /* PBXContainerItemProxy */ = {
			isa = PBXContainerItemProxy;
			containerPortal = 108366481F34DFE100058ECF /* Project object */;
			proxyType = 1;
			remoteGlobalIDString = 1083664F1F34DFE100058ECF;
			remoteInfo = DouYu;
		};
/* End PBXContainerItemProxy section */

/* Begin PBXFileReference section */
		108366501F34DFE100058ECF /* DouYu.app */ = {isa = PBXFileReference; explicitFileType = wrapper.application; includeInIndex = 0; path = DouYu.app; sourceTree = BUILT_PRODUCTS_DIR; };
		108366531F34DFE100058ECF /* AppDelegate.swift */ = {isa = PBXFileReference; lastKnownFileType = sourcecode.swift; path = AppDelegate.swift; sourceTree = "<group>"; };
		108366581F34DFE100058ECF /* Base */ = {isa = PBXFileReference; lastKnownFileType = file.storyboard; name = Base; path = Base.lproj/Main.storyboard; sourceTree = "<group>"; };
		1083665B1F34DFE100058ECF /* DouYu.xcdatamodel */ = {isa = PBXFileReference; lastKnownFileType = wrapper.xcdatamodel; path = DouYu.xcdatamodel; sourceTree = "<group>"; };
		1083665D1F34DFE100058ECF /* Assets.xcassets */ = {isa = PBXFileReference; lastKnownFileType = folder.assetcatalog; path = Assets.xcassets; sourceTree = "<group>"; };
		108366601F34DFE100058ECF /* Base */ = {isa = PBXFileReference; lastKnownFileType = file.storyboard; name = Base; path = Base.lproj/LaunchScreen.storyboard; sourceTree = "<group>"; };
		108366621F34DFE100058ECF /* Info.plist */ = {isa = PBXFileReference; lastKnownFileType = text.plist.xml; path = Info.plist; sourceTree = "<group>"; };
		108366671F34DFE100058ECF /* DouYuTests.xctest */ = {isa = PBXFileReference; explicitFileType = wrapper.cfbundle; includeInIndex = 0; path = DouYuTests.xctest; sourceTree = BUILT_PRODUCTS_DIR; };
		1083666B1F34DFE100058ECF /* DouYuTests.swift */ = {isa = PBXFileReference; lastKnownFileType = sourcecode.swift; path = DouYuTests.swift; sourceTree = "<group>"; };
		1083666D1F34DFE100058ECF /* Info.plist */ = {isa = PBXFileReference; lastKnownFileType = text.plist.xml; path = Info.plist; sourceTree = "<group>"; };
		108366721F34DFE100058ECF /* DouYuUITests.xctest */ = {isa = PBXFileReference; explicitFileType = wrapper.cfbundle; includeInIndex = 0; path = DouYuUITests.xctest; sourceTree = BUILT_PRODUCTS_DIR; };
		108366761F34DFE100058ECF /* DouYuUITests.swift */ = {isa = PBXFileReference; lastKnownFileType = sourcecode.swift; path = DouYuUITests.swift; sourceTree = "<group>"; };
		108366781F34DFE100058ECF /* Info.plist */ = {isa = PBXFileReference; lastKnownFileType = text.plist.xml; path = Info.plist; sourceTree = "<group>"; };
/* End PBXFileReference section */

/* Begin PBXFrameworksBuildPhase section */
		1083664D1F34DFE100058ECF /* Frameworks */ = {
			isa = PBXFrameworksBuildPhase;
			buildActionMask = 2147483647;
			files = (
			);
			runOnlyForDeploymentPostprocessing = 0;
		};
		108366641F34DFE100058ECF /* Frameworks */ = {
			isa = PBXFrameworksBuildPhase;
			buildActionMask = 2147483647;
			files = (
			);
			runOnlyForDeploymentPostprocessing = 0;
		};
		1083666F1F34DFE100058ECF /* Frameworks */ = {
			isa = PBXFrameworksBuildPhase;
			buildActionMask = 2147483647;
			files = (
			);
			runOnlyForDeploymentPostprocessing = 0;
		};
/* End PBXFrameworksBuildPhase section */

/* Begin PBXGroup section */
		108366471F34DFE100058ECF = {
			isa = PBXGroup;
			children = (
				108366521F34DFE100058ECF /* DouYu */,
				1083666A1F34DFE100058ECF /* DouYuTests */,
				108366751F34DFE100058ECF /* DouYuUITests */,
				108366511F34DFE100058ECF /* Products */,
			);
			sourceTree = "<group>";
		};
		108366511F34DFE100058ECF /* Products */ = {
			isa = PBXGroup;
			children = (
				108366501F34DFE100058ECF /* DouYu.app */,
				108366671F34DFE100058ECF /* DouYuTests.xctest */,
				108366721F34DFE100058ECF /* DouYuUITests.xctest */,
			);
			name = Products;
			sourceTree = "<group>";
		};
		108366521F34DFE100058ECF /* DouYu */ = {
			isa = PBXGroup;
			children = (
				11DF860A1F36043900420826 /* Classes */,
				108366531F34DFE100058ECF /* AppDelegate.swift */,
				108366571F34DFE100058ECF /* Main.storyboard */,
				1083665D1F34DFE100058ECF /* Assets.xcassets */,
				1083665F1F34DFE100058ECF /* LaunchScreen.storyboard */,
				108366621F34DFE100058ECF /* Info.plist */,
				1083665A1F34DFE100058ECF /* DouYu.xcdatamodeld */,
			);
			path = DouYu;
			sourceTree = "<group>";
		};
		1083666A1F34DFE100058ECF /* DouYuTests */ = {
			isa = PBXGroup;
			children = (
				1083666B1F34DFE100058ECF /* DouYuTests.swift */,
				1083666D1F34DFE100058ECF /* Info.plist */,
			);
			path = DouYuTests;
			sourceTree = "<group>";
		};
		108366751F34DFE100058ECF /* DouYuUITests */ = {
			isa = PBXGroup;
			children = (
				108366761F34DFE100058ECF /* DouYuUITests.swift */,
				108366781F34DFE100058ECF /* Info.plist */,
			);
			path = DouYuUITests;
			sourceTree = "<group>";
		};
		11DF860A1F36043900420826 /* Classes */ = {
			isa = PBXGroup;
			children = (
				11DF860E1F36043900420826 /* Main */,
				11DF860C1F36043900420826 /* Home */,
				11DF860B1F36043900420826 /* Follow */,
				11DF860D1F36043900420826 /* Live */,
				11DF860F1F36043900420826 /* Profile */,
				11DF86101F36043900420826 /* Tools */,
			);
			path = Classes;
			sourceTree = "<group>";
		};
		11DF860B1F36043900420826 /* Follow */ = {
			isa = PBXGroup;
			children = (
			);
			path = Follow;
			sourceTree = "<group>";
		};
		11DF860C1F36043900420826 /* Home */ = {
			isa = PBXGroup;
			children = (
			);
			path = Home;
			sourceTree = "<group>";
		};
		11DF860D1F36043900420826 /* Live */ = {
			isa = PBXGroup;
			children = (
			);
			path = Live;
			sourceTree = "<group>";
		};
		11DF860E1F36043900420826 /* Main */ = {
			isa = PBXGroup;
			children = (
			);
			path = Main;
			sourceTree = "<group>";
		};
		11DF860F1F36043900420826 /* Profile */ = {
			isa = PBXGroup;
			children = (
			);
			path = Profile;
			sourceTree = "<group>";
		};
		11DF86101F36043900420826 /* Tools */ = {
			isa = PBXGroup;
			children = (
			);
			path = Tools;
			sourceTree = "<group>";
		};
/* End PBXGroup section */

/* Begin PBXNativeTarget section */
		1083664F1F34DFE100058ECF /* DouYu */ = {
			isa = PBXNativeTarget;
			buildConfigurationList = 1083667B1F34DFE100058ECF /* Build configuration list for PBXNativeTarget "DouYu" */;
			buildPhases = (
				1083664C1F34DFE100058ECF /* Sources */,
				1083664D1F34DFE100058ECF /* Frameworks */,
				1083664E1F34DFE100058ECF /* Resources */,
			);
			buildRules = (
			);
			dependencies = (
			);
			name = DouYu;
			productName = DouYu;
			productReference = 108366501F34DFE100058ECF /* DouYu.app */;
			productType = "com.apple.product-type.application";
		};
		108366661F34DFE100058ECF /* DouYuTests */ = {
			isa = PBXNativeTarget;
			buildConfigurationList = 1083667E1F34DFE100058ECF /* Build configuration list for PBXNativeTarget "DouYuTests" */;
			buildPhases = (
				108366631F34DFE100058ECF /* Sources */,
				108366641F34DFE100058ECF /* Frameworks */,
				108366651F34DFE100058ECF /* Resources */,
			);
			buildRules = (
			);
			dependencies = (
				108366691F34DFE100058ECF /* PBXTargetDependency */,
			);
			name = DouYuTests;
			productName = DouYuTests;
			productReference = 108366671F34DFE100058ECF /* DouYuTests.xctest */;
			productType = "com.apple.product-type.bundle.unit-test";
		};
		108366711F34DFE100058ECF /* DouYuUITests */ = {
			isa = PBXNativeTarget;
			buildConfigurationList = 108366811F34DFE100058ECF /* Build configuration list for PBXNativeTarget "DouYuUITests" */;
			buildPhases = (
				1083666E1F34DFE100058ECF /* Sources */,
				1083666F1F34DFE100058ECF /* Frameworks */,
				108366701F34DFE100058ECF /* Resources */,
			);
			buildRules = (
			);
			dependencies = (
				108366741F34DFE100058ECF /* PBXTargetDependency */,
			);
			name = DouYuUITests;
			productName = DouYuUITests;
			productReference = 108366721F34DFE100058ECF /* DouYuUITests.xctest */;
			productType = "com.apple.product-type.bundle.ui-testing";
		};
/* End PBXNativeTarget section */

/* Begin PBXProject section */
		108366481F34DFE100058ECF /* Project object */ = {
			isa = PBXProject;
			attributes = {
				LastSwiftUpdateCheck = 0830;
				LastUpgradeCheck = 0830;
				ORGANIZATIONNAME = com.xiao.douyu;
				TargetAttributes = {
					1083664F1F34DFE100058ECF = {
						CreatedOnToolsVersion = 8.3.2;
						DevelopmentTeam = X475G9AZN5;
						ProvisioningStyle = Automatic;
					};
					108366661F34DFE100058ECF = {
						CreatedOnToolsVersion = 8.3.2;
						DevelopmentTeam = X475G9AZN5;
						ProvisioningStyle = Automatic;
						TestTargetID = 1083664F1F34DFE100058ECF;
					};
					108366711F34DFE100058ECF = {
						CreatedOnToolsVersion = 8.3.2;
						DevelopmentTeam = X475G9AZN5;
						ProvisioningStyle = Automatic;
						TestTargetID = 1083664F1F34DFE100058ECF;
					};
				};
			};
			buildConfigurationList = 1083664B1F34DFE100058ECF /* Build configuration list for PBXProject "DouYu" */;
			compatibilityVersion = "Xcode 3.2";
			developmentRegion = English;
			hasScannedForEncodings = 0;
			knownRegions = (
				en,
				Base,
			);
			mainGroup = 108366471F34DFE100058ECF;
			productRefGroup = 108366511F34DFE100058ECF /* Products */;
			projectDirPath = "";
			projectRoot = "";
			targets = (
				1083664F1F34DFE100058ECF /* DouYu */,
				108366661F34DFE100058ECF /* DouYuTests */,
				108366711F34DFE100058ECF /* DouYuUITests */,
			);
		};
/* End PBXProject section */

/* Begin PBXResourcesBuildPhase section */
		1083664E1F34DFE100058ECF /* Resources */ = {
			isa = PBXResourcesBuildPhase;
			buildActionMask = 2147483647;
			files = (
				108366611F34DFE100058ECF /* LaunchScreen.storyboard in Resources */,
				1083665E1F34DFE100058ECF /* Assets.xcassets in Resources */,
				108366591F34DFE100058ECF /* Main.storyboard in Resources */,
			);
			runOnlyForDeploymentPostprocessing = 0;
		};
		108366651F34DFE100058ECF /* Resources */ = {
			isa = PBXResourcesBuildPhase;
			buildActionMask = 2147483647;
			files = (
			);
			runOnlyForDeploymentPostprocessing = 0;
		};
		108366701F34DFE100058ECF /* Resources */ = {
			isa = PBXResourcesBuildPhase;
			buildActionMask = 2147483647;
			files = (
			);
			runOnlyForDeploymentPostprocessing = 0;
		};
/* End PBXResourcesBuildPhase section */

/* Begin PBXSourcesBuildPhase section */
		1083664C1F34DFE100058ECF /* Sources */ = {
			isa = PBXSourcesBuildPhase;
			buildActionMask = 2147483647;
			files = (
				1083665C1F34DFE100058ECF /* DouYu.xcdatamodeld in Sources */,
				108366541F34DFE100058ECF /* AppDelegate.swift in Sources */,
			);
			runOnlyForDeploymentPostprocessing = 0;
		};
		108366631F34DFE100058ECF /* Sources */ = {
			isa = PBXSourcesBuildPhase;
			buildActionMask = 2147483647;
			files = (
				1083666C1F34DFE100058ECF /* DouYuTests.swift in Sources */,
			);
			runOnlyForDeploymentPostprocessing = 0;
		};
		1083666E1F34DFE100058ECF /* Sources */ = {
			isa = PBXSourcesBuildPhase;
			buildActionMask = 2147483647;
			files = (
				108366771F34DFE100058ECF /* DouYuUITests.swift in Sources */,
			);
			runOnlyForDeploymentPostprocessing = 0;
		};
/* End PBXSourcesBuildPhase section */

/* Begin PBXTargetDependency section */
		108366691F34DFE100058ECF /* PBXTargetDependency */ = {
			isa = PBXTargetDependency;
			target = 1083664F1F34DFE100058ECF /* DouYu */;
			targetProxy = 108366681F34DFE100058ECF /* PBXContainerItemProxy */;
		};
		108366741F34DFE100058ECF /* PBXTargetDependency */ = {
			isa = PBXTargetDependency;
			target = 1083664F1F34DFE100058ECF /* DouYu */;
			targetProxy = 108366731F34DFE100058ECF /* PBXContainerItemProxy */;
		};
/* End PBXTargetDependency section */

/* Begin PBXVariantGroup section */
		108366571F34DFE100058ECF /* Main.storyboard */ = {
			isa = PBXVariantGroup;
			children = (
				108366581F34DFE100058ECF /* Base */,
			);
			name = Main.storyboard;
			sourceTree = "<group>";
		};
		1083665F1F34DFE100058ECF /* LaunchScreen.storyboard */ = {
			isa = PBXVariantGroup;
			children = (
				108366601F34DFE100058ECF /* Base */,
			);
			name = LaunchScreen.storyboard;
			sourceTree = "<group>";
		};
/* End PBXVariantGroup section */

/* Begin XCBuildConfiguration section */
		108366791F34DFE100058ECF /* Debug */ = {
			isa = XCBuildConfiguration;
			buildSettings = {
				ALWAYS_SEARCH_USER_PATHS = NO;
				CLANG_ANALYZER_NONNULL = YES;
				CLANG_ANALYZER_NUMBER_OBJECT_CONVERSION = YES_AGGRESSIVE;
				CLANG_CXX_LANGUAGE_STANDARD = "gnu++0x";
				CLANG_CXX_LIBRARY = "libc++";
				CLANG_ENABLE_MODULES = YES;
				CLANG_ENABLE_OBJC_ARC = YES;
				CLANG_WARN_BOOL_CONVERSION = YES;
				CLANG_WARN_CONSTANT_CONVERSION = YES;
				CLANG_WARN_DIRECT_OBJC_ISA_USAGE = YES_ERROR;
				CLANG_WARN_DOCUMENTATION_COMMENTS = YES;
				CLANG_WARN_EMPTY_BODY = YES;
				CLANG_WARN_ENUM_CONVERSION = YES;
				CLANG_WARN_INFINITE_RECURSION = YES;
				CLANG_WARN_INT_CONVERSION = YES;
				CLANG_WARN_OBJC_ROOT_CLASS = YES_ERROR;
				CLANG_WARN_SUSPICIOUS_MOVE = YES;
				CLANG_WARN_UNREACHABLE_CODE = YES;
				CLANG_WARN__DUPLICATE_METHOD_MATCH = YES;
				"CODE_SIGN_IDENTITY[sdk=iphoneos*]" = "iPhone Developer";
				COPY_PHASE_STRIP = NO;
				DEBUG_INFORMATION_FORMAT = dwarf;
				ENABLE_STRICT_OBJC_MSGSEND = YES;
				ENABLE_TESTABILITY = YES;
				GCC_C_LANGUAGE_STANDARD = gnu99;
				GCC_DYNAMIC_NO_PIC = NO;
				GCC_NO_COMMON_BLOCKS = YES;
				GCC_OPTIMIZATION_LEVEL = 0;
				GCC_PREPROCESSOR_DEFINITIONS = (
					"DEBUG=1",
					"$(inherited)",
				);
				GCC_WARN_64_TO_32_BIT_CONVERSION = YES;
				GCC_WARN_ABOUT_RETURN_TYPE = YES_ERROR;
				GCC_WARN_UNDECLARED_SELECTOR = YES;
				GCC_WARN_UNINITIALIZED_AUTOS = YES_AGGRESSIVE;
				GCC_WARN_UNUSED_FUNCTION = YES;
				GCC_WARN_UNUSED_VARIABLE = YES;
				IPHONEOS_DEPLOYMENT_TARGET = 10.3;
				MTL_ENABLE_DEBUG_INFO = YES;
				ONLY_ACTIVE_ARCH = YES;
				SDKROOT = iphoneos;
				SWIFT_ACTIVE_COMPILATION_CONDITIONS = DEBUG;
				SWIFT_OPTIMIZATION_LEVEL = "-Onone";
			};
			name = Debug;
		};
		1083667A1F34DFE100058ECF /* Release */ = {
			isa = XCBuildConfiguration;
			buildSettings = {
				ALWAYS_SEARCH_USER_PATHS = NO;
				CLANG_ANALYZER_NONNULL = YES;
				CLANG_ANALYZER_NUMBER_OBJECT_CONVERSION = YES_AGGRESSIVE;
				CLANG_CXX_LANGUAGE_STANDARD = "gnu++0x";
				CLANG_CXX_LIBRARY = "libc++";
				CLANG_ENABLE_MODULES = YES;
				CLANG_ENABLE_OBJC_ARC = YES;
				CLANG_WARN_BOOL_CONVERSION = YES;
				CLANG_WARN_CONSTANT_CONVERSION = YES;
				CLANG_WARN_DIRECT_OBJC_ISA_USAGE = YES_ERROR;
				CLANG_WARN_DOCUMENTATION_COMMENTS = YES;
				CLANG_WARN_EMPTY_BODY = YES;
				CLANG_WARN_ENUM_CONVERSION = YES;
				CLANG_WARN_INFINITE_RECURSION = YES;
				CLANG_WARN_INT_CONVERSION = YES;
				CLANG_WARN_OBJC_ROOT_CLASS = YES_ERROR;
				CLANG_WARN_SUSPICIOUS_MOVE = YES;
				CLANG_WARN_UNREACHABLE_CODE = YES;
				CLANG_WARN__DUPLICATE_METHOD_MATCH = YES;
				"CODE_SIGN_IDENTITY[sdk=iphoneos*]" = "iPhone Developer";
				COPY_PHASE_STRIP = NO;
				DEBUG_INFORMATION_FORMAT = "dwarf-with-dsym";
				ENABLE_NS_ASSERTIONS = NO;
				ENABLE_STRICT_OBJC_MSGSEND = YES;
				GCC_C_LANGUAGE_STANDARD = gnu99;
				GCC_NO_COMMON_BLOCKS = YES;
				GCC_WARN_64_TO_32_BIT_CONVERSION = YES;
				GCC_WARN_ABOUT_RETURN_TYPE = YES_ERROR;
				GCC_WARN_UNDECLARED_SELECTOR = YES;
				GCC_WARN_UNINITIALIZED_AUTOS = YES_AGGRESSIVE;
				GCC_WARN_UNUSED_FUNCTION = YES;
				GCC_WARN_UNUSED_VARIABLE = YES;
				IPHONEOS_DEPLOYMENT_TARGET = 10.3;
				MTL_ENABLE_DEBUG_INFO = NO;
				SDKROOT = iphoneos;
				SWIFT_OPTIMIZATION_LEVEL = "-Owholemodule";
				VALIDATE_PRODUCT = YES;
			};
			name = Release;
		};
		1083667C1F34DFE100058ECF /* Debug */ = {
			isa = XCBuildConfiguration;
			buildSettings = {
				ASSETCATALOG_COMPILER_APPICON_NAME = AppIcon;
				ASSETCATALOG_COMPILER_LAUNCHIMAGE_NAME = LaunchImage;
				DEVELOPMENT_TEAM = X475G9AZN5;
				INFOPLIST_FILE = DouYu/Info.plist;
				IPHONEOS_DEPLOYMENT_TARGET = 10.0;
				LD_RUNPATH_SEARCH_PATHS = "$(inherited) @executable_path/Frameworks";
				PRODUCT_BUNDLE_IDENTIFIER = com.xiao.douyu;
				PRODUCT_NAME = "$(TARGET_NAME)";
				SWIFT_VERSION = 3.0;
			};
			name = Debug;
		};
		1083667D1F34DFE100058ECF /* Release */ = {
			isa = XCBuildConfiguration;
			buildSettings = {
				ASSETCATALOG_COMPILER_APPICON_NAME = AppIcon;
				ASSETCATALOG_COMPILER_LAUNCHIMAGE_NAME = LaunchImage;
				DEVELOPMENT_TEAM = X475G9AZN5;
				INFOPLIST_FILE = DouYu/Info.plist;
				IPHONEOS_DEPLOYMENT_TARGET = 10.0;
				LD_RUNPATH_SEARCH_PATHS = "$(inherited) @executable_path/Frameworks";
				PRODUCT_BUNDLE_IDENTIFIER = com.xiao.douyu;
				PRODUCT_NAME = "$(TARGET_NAME)";
				SWIFT_VERSION = 3.0;
			};
			name = Release;
		};
		1083667F1F34DFE100058ECF /* Debug */ = {
			isa = XCBuildConfiguration;
			buildSettings = {
				ALWAYS_EMBED_SWIFT_STANDARD_LIBRARIES = YES;
				BUNDLE_LOADER = "$(TEST_HOST)";
				DEVELOPMENT_TEAM = X475G9AZN5;
				INFOPLIST_FILE = DouYuTests/Info.plist;
				LD_RUNPATH_SEARCH_PATHS = "$(inherited) @executable_path/Frameworks @loader_path/Frameworks";
				PRODUCT_BUNDLE_IDENTIFIER = com.xiao.douyu.DouYuTests;
				PRODUCT_NAME = "$(TARGET_NAME)";
				SWIFT_VERSION = 3.0;
				TEST_HOST = "$(BUILT_PRODUCTS_DIR)/DouYu.app/DouYu";
			};
			name = Debug;
		};
		108366801F34DFE100058ECF /* Release */ = {
			isa = XCBuildConfiguration;
			buildSettings = {
				ALWAYS_EMBED_SWIFT_STANDARD_LIBRARIES = YES;
				BUNDLE_LOADER = "$(TEST_HOST)";
				DEVELOPMENT_TEAM = X475G9AZN5;
				INFOPLIST_FILE = DouYuTests/Info.plist;
				LD_RUNPATH_SEARCH_PATHS = "$(inherited) @executable_path/Frameworks @loader_path/Frameworks";
				PRODUCT_BUNDLE_IDENTIFIER = com.xiao.douyu.DouYuTests;
				PRODUCT_NAME = "$(TARGET_NAME)";
				SWIFT_VERSION = 3.0;
				TEST_HOST = "$(BUILT_PRODUCTS_DIR)/DouYu.app/DouYu";
			};
			name = Release;
		};
		108366821F34DFE100058ECF /* Debug */ = {
			isa = XCBuildConfiguration;
			buildSettings = {
				ALWAYS_EMBED_SWIFT_STANDARD_LIBRARIES = YES;
				DEVELOPMENT_TEAM = X475G9AZN5;
				INFOPLIST_FILE = DouYuUITests/Info.plist;
				LD_RUNPATH_SEARCH_PATHS = "$(inherited) @executable_path/Frameworks @loader_path/Frameworks";
				PRODUCT_BUNDLE_IDENTIFIER = com.xiao.douyu.DouYuUITests;
				PRODUCT_NAME = "$(TARGET_NAME)";
				SWIFT_VERSION = 3.0;
				TEST_TARGET_NAME = DouYu;
			};
			name = Debug;
		};
		108366831F34DFE100058ECF /* Release */ = {
			isa = XCBuildConfiguration;
			buildSettings = {
				ALWAYS_EMBED_SWIFT_STANDARD_LIBRARIES = YES;
				DEVELOPMENT_TEAM = X475G9AZN5;
				INFOPLIST_FILE = DouYuUITests/Info.plist;
				LD_RUNPATH_SEARCH_PATHS = "$(inherited) @executable_path/Frameworks @loader_path/Frameworks";
				PRODUCT_BUNDLE_IDENTIFIER = com.xiao.douyu.DouYuUITests;
				PRODUCT_NAME = "$(TARGET_NAME)";
				SWIFT_VERSION = 3.0;
				TEST_TARGET_NAME = DouYu;
			};
			name = Release;
		};
/* End XCBuildConfiguration section */

/* Begin XCConfigurationList section */
		1083664B1F34DFE100058ECF /* Build configuration list for PBXProject "DouYu" */ = {
			isa = XCConfigurationList;
			buildConfigurations = (
				108366791F34DFE100058ECF /* Debug */,
				1083667A1F34DFE100058ECF /* Release */,
			);
			defaultConfigurationIsVisible = 0;
			defaultConfigurationName = Release;
		};
		1083667B1F34DFE100058ECF /* Build configuration list for PBXNativeTarget "DouYu" */ = {
			isa = XCConfigurationList;
			buildConfigurations = (
				1083667C1F34DFE100058ECF /* Debug */,
				1083667D1F34DFE100058ECF /* Release */,
			);
			defaultConfigurationIsVisible = 0;
			defaultConfigurationName = Release;
		};
		1083667E1F34DFE100058ECF /* Build configuration list for PBXNativeTarget "DouYuTests" */ = {
			isa = XCConfigurationList;
			buildConfigurations = (
				1083667F1F34DFE100058ECF /* Debug */,
				108366801F34DFE100058ECF /* Release */,
			);
			defaultConfigurationIsVisible = 0;
			defaultConfigurationName = Release;
		};
		108366811F34DFE100058ECF /* Build configuration list for PBXNativeTarget "DouYuUITests" */ = {
			isa = XCConfigurationList;
			buildConfigurations = (
				108366821F34DFE100058ECF /* Debug */,
				108366831F34DFE100058ECF /* Release */,
			);
			defaultConfigurationIsVisible = 0;
			defaultConfigurationName = Release;
		};
/* End XCConfigurationList section */

/* Begin XCVersionGroup section */
		1083665A1F34DFE100058ECF /* DouYu.xcdatamodeld */ = {
			isa = XCVersionGroup;
			children = (
				1083665B1F34DFE100058ECF /* DouYu.xcdatamodel */,
			);
			currentVersion = 1083665B1F34DFE100058ECF /* DouYu.xcdatamodel */;
			path = DouYu.xcdatamodeld;
			sourceTree = "<group>";
			versionGroupType = wrapper.xcdatamodel;
		};
/* End XCVersionGroup section */
	};
	rootObject = 108366481F34DFE100058ECF /* Project object */;
}
